
Microsoft Visual Studio Solution File, Format Version 12.00
# Visual Studio Version 16
VisualStudioVersion = 16.0.29324.140
MinimumVisualStudioVersion = 10.0.40219.1
Project("{9A19103F-16F7-4668-BE54-9A1E7A4F7556}") = "Ola", "Ola\Ola.csproj", "{2038550E-DA83-456E-BB46-B77F2A6D61CC}"
EndProject
Project("{9A19103F-16F7-4668-BE54-9A1E7A4F7556}") = "Ola.Text", "Ola.Text\Ola.Text.csproj", "{129ACBD5-55EF-43E4-9286-7C9ADE94B044}"
EndProject
Project("{9A19103F-16F7-4668-BE54-9A1E7A4F7556}") = "Ola.Extensions", "Ola.Extensions\Ola.Extensions.csproj", "{531B77F2-447F-447F-A48A-1BBCD76D97CE}"
EndProject
Project("{9A19103F-16F7-4668-BE54-9A1E7A4F7556}") = "Ola.Apis", "Ola.Apis\Ola.Apis.csproj", "{957B1F9E-CB42-4966-92B6-FDE51462ED1A}"
EndProject
Global
	GlobalSection(SolutionConfigurationPlatforms) = preSolution
		Debug|Any CPU = Debug|Any CPU
		Release|Any CPU = Release|Any CPU
	EndGlobalSection
	GlobalSection(ProjectConfigurationPlatforms) = postSolution
		{2038550E-DA83-456E-BB46-B77F2A6D61CC}.Debug|Any CPU.ActiveCfg = Debug|Any CPU
		{2038550E-DA83-456E-BB46-B77F2A6D61CC}.Debug|Any CPU.Build.0 = Debug|Any CPU
		{2038550E-DA83-456E-BB46-B77F2A6D61CC}.Release|Any CPU.ActiveCfg = Release|Any CPU
		{2038550E-DA83-456E-BB46-B77F2A6D61CC}.Release|Any CPU.Build.0 = Release|Any CPU
		{129ACBD5-55EF-43E4-9286-7C9ADE94B044}.Debug|Any CPU.ActiveCfg = Debug|Any CPU
		{129ACBD5-55EF-43E4-9286-7C9ADE94B044}.Debug|Any CPU.Build.0 = Debug|Any CPU
		{129ACBD5-55EF-43E4-9286-7C9ADE94B044}.Release|Any CPU.ActiveCfg = Release|Any CPU
		{129ACBD5-55EF-43E4-9286-7C9ADE94B044}.Release|Any CPU.Build.0 = Release|Any CPU
		{531B77F2-447F-447F-A48A-1BBCD76D97CE}.Debug|Any CPU.ActiveCfg = Debug|Any CPU
		{531B77F2-447F-447F-A48A-1BBCD76D97CE}.Debug|Any CPU.Build.0 = Debug|Any CPU
		{531B77F2-447F-447F-A48A-1BBCD76D97CE}.Release|Any CPU.ActiveCfg = Release|Any CPU
		{531B77F2-447F-447F-A48A-1BBCD76D97CE}.Release|Any CPU.Build.0 = Release|Any CPU
		{957B1F9E-CB42-4966-92B6-FDE51462ED1A}.Debug|Any CPU.ActiveCfg = Debug|Any CPU
		{957B1F9E-CB42-4966-92B6-FDE51462ED1A}.Debug|Any CPU.Build.0 = Debug|Any CPU
		{957B1F9E-CB42-4966-92B6-FDE51462ED1A}.Release|Any CPU.ActiveCfg = Release|Any CPU
		{957B1F9E-CB42-4966-92B6-FDE51462ED1A}.Release|Any CPU.Build.0 = Release|Any CPU
	EndGlobalSection
	GlobalSection(SolutionProperties) = preSolution
		HideSolutionNode = FALSE
	EndGlobalSection
	GlobalSection(ExtensibilityGlobals) = postSolution
		SolutionGuid = {E1A83D6E-C161-4BC8-A9DD-5647319A76DB}
	EndGlobalSection
EndGlobal
